
Microsoft Visual Studio Solution File, Format Version 12.00
# Visual Studio Version 17
VisualStudioVersion = 17.1.31903.286
MinimumVisualStudioVersion = 10.0.40219.1
Project("{FAE04EC0-301F-11D3-BF4B-00C04F79EFBC}") = "Blazorise3442", "Blazorise3442\Blazorise3442.csproj", "{5777E2EC-5686-4C2B-8FBA-E6CFCFAB5DD9}"
EndProject
Global
	GlobalSection(SolutionConfigurationPlatforms) = preSolution
		Debug|Any CPU = Debug|Any CPU
		Release|Any CPU = Release|Any CPU
	EndGlobalSection
	GlobalSection(ProjectConfigurationPlatforms) = postSolution
		{5777E2EC-5686-4C2B-8FBA-E6CFCFAB5DD9}.Debug|Any CPU.ActiveCfg = Debug|Any CPU
		{5777E2EC-5686-4C2B-8FBA-E6CFCFAB5DD9}.Debug|Any CPU.Build.0 = Debug|Any CPU
		{5777E2EC-5686-4C2B-8FBA-E6CFCFAB5DD9}.Release|Any CPU.ActiveCfg = Release|Any CPU
		{5777E2EC-5686-4C2B-8FBA-E6CFCFAB5DD9}.Release|Any CPU.Build.0 = Release|Any CPU
	EndGlobalSection
	GlobalSection(SolutionProperties) = preSolution
		HideSolutionNode = FALSE
	EndGlobalSection
	GlobalSection(ExtensibilityGlobals) = postSolution
		SolutionGuid = {185F29DC-8FE9-4932-85B4-8A3C77161317}
	EndGlobalSection
EndGlobal
